// !$*UTF8*$!
{
	archiveVersion = 1;
	classes = {
	};
	objectVersion = 46;
	objects = {

/* Begin PBXBuildFile section */
		EAFE3E8B1A6FD10A00651C97 /* AppDelegate.swift in Sources */ = {isa = PBXBuildFile; fileRef = EAFE3E8A1A6FD10A00651C97 /* AppDelegate.swift */; };
		EAFE3E8D1A6FD10A00651C97 /* ViewController.swift in Sources */ = {isa = PBXBuildFile; fileRef = EAFE3E8C1A6FD10A00651C97 /* ViewController.swift */; };
		EAFE3E901A6FD10A00651C97 /* Main.storyboard in Resources */ = {isa = PBXBuildFile; fileRef = EAFE3E8E1A6FD10A00651C97 /* Main.storyboard */; };
		EAFE3E921A6FD10A00651C97 /* Images.xcassets in Resources */ = {isa = PBXBuildFile; fileRef = EAFE3E911A6FD10A00651C97 /* Images.xcassets */; };
		EAFE3E951A6FD10A00651C97 /* LaunchScreen.xib in Resources */ = {isa = PBXBuildFile; fileRef = EAFE3E931A6FD10A00651C97 /* LaunchScreen.xib */; };
		EAFE3EA11A6FD10A00651C97 /* _9RedBallonsTests.swift in Sources */ = {isa = PBXBuildFile; fileRef = EAFE3EA01A6FD10A00651C97 /* _9RedBallonsTests.swift */; };
		EAFE3EAF1A6FD2CE00651C97 /* RedBalloon1.jpg in Resources */ = {isa = PBXBuildFile; fileRef = EAFE3EAB1A6FD2CE00651C97 /* RedBalloon1.jpg */; };
		EAFE3EB01A6FD2CE00651C97 /* RedBalloon2.jpg in Resources */ = {isa = PBXBuildFile; fileRef = EAFE3EAC1A6FD2CE00651C97 /* RedBalloon2.jpg */; };
		EAFE3EB11A6FD2CE00651C97 /* RedBalloon3.jpg in Resources */ = {isa = PBXBuildFile; fileRef = EAFE3EAD1A6FD2CE00651C97 /* RedBalloon3.jpg */; };
		EAFE3EB21A6FD2CE00651C97 /* RedBalloon4.jpg in Resources */ = {isa = PBXBuildFile; fileRef = EAFE3EAE1A6FD2CE00651C97 /* RedBalloon4.jpg */; };
		EAFE3EB41A6FD79000651C97 /* Ballon.swift in Sources */ = {isa = PBXBuildFile; fileRef = EAFE3EB31A6FD79000651C97 /* Ballon.swift */; };
		EAFE3EB61A6FFDA500651C97 /* BerlinTVTower.jpg in Resources */ = {isa = PBXBuildFile; fileRef = EAFE3EB51A6FFDA500651C97 /* BerlinTVTower.jpg */; };
/* End PBXBuildFile section */

/* Begin PBXContainerItemProxy section */
		EAFE3E9B1A6FD10A00651C97 /* PBXContainerItemProxy */ = {
			isa = PBXContainerItemProxy;
			containerPortal = EAFE3E7D1A6FD10A00651C97 /* Project object */;
			proxyType = 1;
			remoteGlobalIDString = EAFE3E841A6FD10A00651C97;
			remoteInfo = 99RedBallons;
		};
/* End PBXContainerItemProxy section */

/* Begin PBXFileReference section */
		EAFE3E851A6FD10A00651C97 /* 99RedBallons.app */ = {isa = PBXFileReference; explicitFileType = wrapper.application; includeInIndex = 0; path = 99RedBallons.app; sourceTree = BUILT_PRODUCTS_DIR; };
		EAFE3E891A6FD10A00651C97 /* Info.plist */ = {isa = PBXFileReference; lastKnownFileType = text.plist.xml; path = Info.plist; sourceTree = "<group>"; };
		EAFE3E8A1A6FD10A00651C97 /* AppDelegate.swift */ = {isa = PBXFileReference; lastKnownFileType = sourcecode.swift; path = AppDelegate.swift; sourceTree = "<group>"; };
		EAFE3E8C1A6FD10A00651C97 /* ViewController.swift */ = {isa = PBXFileReference; lastKnownFileType = sourcecode.swift; path = ViewController.swift; sourceTree = "<group>"; };
		EAFE3E8F1A6FD10A00651C97 /* Base */ = {isa = PBXFileReference; lastKnownFileType = file.storyboard; name = Base; path = Base.lproj/Main.storyboard; sourceTree = "<group>"; };
		EAFE3E911A6FD10A00651C97 /* Images.xcassets */ = {isa = PBXFileReference; lastKnownFileType = folder.assetcatalog; path = Images.xcassets; sourceTree = "<group>"; };
		EAFE3E941A6FD10A00651C97 /* Base */ = {isa = PBXFileReference; lastKnownFileType = file.xib; name = Base; path = Base.lproj/LaunchScreen.xib; sourceTree = "<group>"; };
		EAFE3E9A1A6FD10A00651C97 /* 99RedBallonsTests.xctest */ = {isa = PBXFileReference; explicitFileType = wrapper.cfbundle; includeInIndex = 0; path = 99RedBallonsTests.xctest; sourceTree = BUILT_PRODUCTS_DIR; };
		EAFE3E9F1A6FD10A00651C97 /* Info.plist */ = {isa = PBXFileReference; lastKnownFileType = text.plist.xml; path = Info.plist; sourceTree = "<group>"; };
		EAFE3EA01A6FD10A00651C97 /* _9RedBallonsTests.swift */ = {isa = PBXFileReference; lastKnownFileType = sourcecode.swift; path = _9RedBallonsTests.swift; sourceTree = "<group>"; };
		EAFE3EAB1A6FD2CE00651C97 /* RedBalloon1.jpg */ = {isa = PBXFileReference; lastKnownFileType = image.jpeg; name = RedBalloon1.jpg; path = ballon_images/RedBalloon1.jpg; sourceTree = "<group>"; };
		EAFE3EAC1A6FD2CE00651C97 /* RedBalloon2.jpg */ = {isa = PBXFileReference; lastKnownFileType = image.jpeg; name = RedBalloon2.jpg; path = ballon_images/RedBalloon2.jpg; sourceTree = "<group>"; };
		EAFE3EAD1A6FD2CE00651C97 /* RedBalloon3.jpg */ = {isa = PBXFileReference; lastKnownFileType = image.jpeg; name = RedBalloon3.jpg; path = ballon_images/RedBalloon3.jpg; sourceTree = "<group>"; };
		EAFE3EAE1A6FD2CE00651C97 /* RedBalloon4.jpg */ = {isa = PBXFileReference; lastKnownFileType = image.jpeg; name = RedBalloon4.jpg; path = ballon_images/RedBalloon4.jpg; sourceTree = "<group>"; };
		EAFE3EB31A6FD79000651C97 /* Ballon.swift */ = {isa = PBXFileReference; fileEncoding = 4; lastKnownFileType = sourcecode.swift; path = Ballon.swift; sourceTree = "<group>"; };
		EAFE3EB51A6FFDA500651C97 /* BerlinTVTower.jpg */ = {isa = PBXFileReference; lastKnownFileType = image.jpeg; path = BerlinTVTower.jpg; sourceTree = "<group>"; };
/* End PBXFileReference section */

/* Begin PBXFrameworksBuildPhase section */
		EAFE3E821A6FD10A00651C97 /* Frameworks */ = {
			isa = PBXFrameworksBuildPhase;
			buildActionMask = 2147483647;
			files = (
			);
			runOnlyForDeploymentPostprocessing = 0;
		};
		EAFE3E971A6FD10A00651C97 /* Frameworks */ = {
			isa = PBXFrameworksBuildPhase;
			buildActionMask = 2147483647;
			files = (
			);
			runOnlyForDeploymentPostprocessing = 0;
		};
/* End PBXFrameworksBuildPhase section */

/* Begin PBXGroup section */
		EAFE3E7C1A6FD10A00651C97 = {
			isa = PBXGroup;
			children = (
				EAFE3E871A6FD10A00651C97 /* 99RedBallons */,
				EAFE3E9D1A6FD10A00651C97 /* 99RedBallonsTests */,
				EAFE3E861A6FD10A00651C97 /* Products */,
			);
			sourceTree = "<group>";
		};
		EAFE3E861A6FD10A00651C97 /* Products */ = {
			isa = PBXGroup;
			children = (
				EAFE3E851A6FD10A00651C97 /* 99RedBallons.app */,
				EAFE3E9A1A6FD10A00651C97 /* 99RedBallonsTests.xctest */,
			);
			name = Products;
			sourceTree = "<group>";
		};
		EAFE3E871A6FD10A00651C97 /* 99RedBallons */ = {
			isa = PBXGroup;
			children = (
				EAFE3E8A1A6FD10A00651C97 /* AppDelegate.swift */,
				EAFE3EB31A6FD79000651C97 /* Ballon.swift */,
				EAFE3E8C1A6FD10A00651C97 /* ViewController.swift */,
				EAFE3E8E1A6FD10A00651C97 /* Main.storyboard */,
				EAFE3E911A6FD10A00651C97 /* Images.xcassets */,
				EAFE3E931A6FD10A00651C97 /* LaunchScreen.xib */,
				EAFE3E881A6FD10A00651C97 /* Supporting Files */,
			);
			path = 99RedBallons;
			sourceTree = "<group>";
		};
		EAFE3E881A6FD10A00651C97 /* Supporting Files */ = {
			isa = PBXGroup;
			children = (
				EAFE3EB51A6FFDA500651C97 /* BerlinTVTower.jpg */,
				EAFE3EAB1A6FD2CE00651C97 /* RedBalloon1.jpg */,
				EAFE3EAC1A6FD2CE00651C97 /* RedBalloon2.jpg */,
				EAFE3EAD1A6FD2CE00651C97 /* RedBalloon3.jpg */,
				EAFE3EAE1A6FD2CE00651C97 /* RedBalloon4.jpg */,
				EAFE3EAA1A6FD2CE00651C97 /* ballon_images */,
				EAFE3E891A6FD10A00651C97 /* Info.plist */,
			);
			name = "Supporting Files";
			sourceTree = "<group>";
		};
		EAFE3E9D1A6FD10A00651C97 /* 99RedBallonsTests */ = {
			isa = PBXGroup;
			children = (
				EAFE3EA01A6FD10A00651C97 /* _9RedBallonsTests.swift */,
				EAFE3E9E1A6FD10A00651C97 /* Supporting Files */,
			);
			path = 99RedBallonsTests;
			sourceTree = "<group>";
		};
		EAFE3E9E1A6FD10A00651C97 /* Supporting Files */ = {
			isa = PBXGroup;
			children = (
				EAFE3E9F1A6FD10A00651C97 /* Info.plist */,
			);
			name = "Supporting Files";
			sourceTree = "<group>";
		};
		EAFE3EAA1A6FD2CE00651C97 /* ballon_images */ = {
			isa = PBXGroup;
			children = (
			);
			path = ballon_images;
			sourceTree = "<group>";
		};
/* End PBXGroup section */

/* Begin PBXNativeTarget section */
		EAFE3E841A6FD10A00651C97 /* 99RedBallons */ = {
			isa = PBXNativeTarget;
			buildConfigurationList = EAFE3EA41A6FD10A00651C97 /* Build configuration list for PBXNativeTarget "99RedBallons" */;
			buildPhases = (
				EAFE3E811A6FD10A00651C97 /* Sources */,
				EAFE3E821A6FD10A00651C97 /* Frameworks */,
				EAFE3E831A6FD10A00651C97 /* Resources */,
			);
			buildRules = (
			);
			dependencies = (
			);
			name = 99RedBallons;
			productName = 99RedBallons;
			productReference = EAFE3E851A6FD10A00651C97 /* 99RedBallons.app */;
			productType = "com.apple.product-type.application";
		};
		EAFE3E991A6FD10A00651C97 /* 99RedBallonsTests */ = {
			isa = PBXNativeTarget;
			buildConfigurationList = EAFE3EA71A6FD10A00651C97 /* Build configuration list for PBXNativeTarget "99RedBallonsTests" */;
			buildPhases = (
				EAFE3E961A6FD10A00651C97 /* Sources */,
				EAFE3E971A6FD10A00651C97 /* Frameworks */,
				EAFE3E981A6FD10A00651C97 /* Resources */,
			);
			buildRules = (
			);
			dependencies = (
				EAFE3E9C1A6FD10A00651C97 /* PBXTargetDependency */,
			);
			name = 99RedBallonsTests;
			productName = 99RedBallonsTests;
			productReference = EAFE3E9A1A6FD10A00651C97 /* 99RedBallonsTests.xctest */;
			productType = "com.apple.product-type.bundle.unit-test";
		};
/* End PBXNativeTarget section */

/* Begin PBXProject section */
		EAFE3E7D1A6FD10A00651C97 /* Project object */ = {
			isa = PBXProject;
			attributes = {
				LastUpgradeCheck = 0610;
				ORGANIZATIONNAME = HectorRios;
				TargetAttributes = {
					EAFE3E841A6FD10A00651C97 = {
						CreatedOnToolsVersion = 6.1.1;
					};
					EAFE3E991A6FD10A00651C97 = {
						CreatedOnToolsVersion = 6.1.1;
						TestTargetID = EAFE3E841A6FD10A00651C97;
					};
				};
			};
			buildConfigurationList = EAFE3E801A6FD10A00651C97 /* Build configuration list for PBXProject "99RedBallons" */;
			compatibilityVersion = "Xcode 3.2";
			developmentRegion = English;
			hasScannedForEncodings = 0;
			knownRegions = (
				en,
				Base,
			);
			mainGroup = EAFE3E7C1A6FD10A00651C97;
			productRefGroup = EAFE3E861A6FD10A00651C97 /* Products */;
			projectDirPath = "";
			projectRoot = "";
			targets = (
				EAFE3E841A6FD10A00651C97 /* 99RedBallons */,
				EAFE3E991A6FD10A00651C97 /* 99RedBallonsTests */,
			);
		};
/* End PBXProject section */

/* Begin PBXResourcesBuildPhase section */
		EAFE3E831A6FD10A00651C97 /* Resources */ = {
			isa = PBXResourcesBuildPhase;
			buildActionMask = 2147483647;
			files = (
				EAFE3E901A6FD10A00651C97 /* Main.storyboard in Resources */,
				EAFE3EAF1A6FD2CE00651C97 /* RedBalloon1.jpg in Resources */,
				EAFE3EB01A6FD2CE00651C97 /* RedBalloon2.jpg in Resources */,
				EAFE3EB11A6FD2CE00651C97 /* RedBalloon3.jpg in Resources */,
				EAFE3E951A6FD10A00651C97 /* LaunchScreen.xib in Resources */,
				EAFE3E921A6FD10A00651C97 /* Images.xcassets in Resources */,
				EAFE3EB21A6FD2CE00651C97 /* RedBalloon4.jpg in Resources */,
				EAFE3EB61A6FFDA500651C97 /* BerlinTVTower.jpg in Resources */,
			);
			runOnlyForDeploymentPostprocessing = 0;
		};
		EAFE3E981A6FD10A00651C97 /* Resources */ = {
			isa = PBXResourcesBuildPhase;
			buildActionMask = 2147483647;
			files = (
			);
			runOnlyForDeploymentPostprocessing = 0;
		};
/* End PBXResourcesBuildPhase section */

/* Begin PBXSourcesBuildPhase section */
		EAFE3E811A6FD10A00651C97 /* Sources */ = {
			isa = PBXSourcesBuildPhase;
			buildActionMask = 2147483647;
			files = (
				EAFE3EB41A6FD79000651C97 /* Ballon.swift in Sources */,
				EAFE3E8D1A6FD10A00651C97 /* ViewController.swift in Sources */,
				EAFE3E8B1A6FD10A00651C97 /* AppDelegate.swift in Sources */,
			);
			runOnlyForDeploymentPostprocessing = 0;
		};
		EAFE3E961A6FD10A00651C97 /* Sources */ = {
			isa = PBXSourcesBuildPhase;
			buildActionMask = 2147483647;
			files = (
				EAFE3EA11A6FD10A00651C97 /* _9RedBallonsTests.swift in Sources */,
			);
			runOnlyForDeploymentPostprocessing = 0;
		};
/* End PBXSourcesBuildPhase section */

/* Begin PBXTargetDependency section */
		EAFE3E9C1A6FD10A00651C97 /* PBXTargetDependency */ = {
			isa = PBXTargetDependency;
			target = EAFE3E841A6FD10A00651C97 /* 99RedBallons */;
			targetProxy = EAFE3E9B1A6FD10A00651C97 /* PBXContainerItemProxy */;
		};
/* End PBXTargetDependency section */

/* Begin PBXVariantGroup section */
		EAFE3E8E1A6FD10A00651C97 /* Main.storyboard */ = {
			isa = PBXVariantGroup;
			children = (
				EAFE3E8F1A6FD10A00651C97 /* Base */,
			);
			name = Main.storyboard;
			sourceTree = "<group>";
		};
		EAFE3E931A6FD10A00651C97 /* LaunchScreen.xib */ = {
			isa = PBXVariantGroup;
			children = (
				EAFE3E941A6FD10A00651C97 /* Base */,
			);
			name = LaunchScreen.xib;
			sourceTree = "<group>";
		};
/* End PBXVariantGroup section */

/* Begin XCBuildConfiguration section */
		EAFE3EA21A6FD10A00651C97 /* Debug */ = {
			isa = XCBuildConfiguration;
			buildSettings = {
				ALWAYS_SEARCH_USER_PATHS = NO;
				CLANG_CXX_LANGUAGE_STANDARD = "gnu++0x";
				CLANG_CXX_LIBRARY = "libc++";
				CLANG_ENABLE_MODULES = YES;
				CLANG_ENABLE_OBJC_ARC = YES;
				CLANG_WARN_BOOL_CONVERSION = YES;
				CLANG_WARN_CONSTANT_CONVERSION = YES;
				CLANG_WARN_DIRECT_OBJC_ISA_USAGE = YES_ERROR;
				CLANG_WARN_EMPTY_BODY = YES;
				CLANG_WARN_ENUM_CONVERSION = YES;
				CLANG_WARN_INT_CONVERSION = YES;
				CLANG_WARN_OBJC_ROOT_CLASS = YES_ERROR;
				CLANG_WARN_UNREACHABLE_CODE = YES;
				CLANG_WARN__DUPLICATE_METHOD_MATCH = YES;
				"CODE_SIGN_IDENTITY[sdk=iphoneos*]" = "iPhone Developer";
				COPY_PHASE_STRIP = NO;
				ENABLE_STRICT_OBJC_MSGSEND = YES;
				GCC_C_LANGUAGE_STANDARD = gnu99;
				GCC_DYNAMIC_NO_PIC = NO;
				GCC_OPTIMIZATION_LEVEL = 0;
				GCC_PREPROCESSOR_DEFINITIONS = (
					"DEBUG=1",
					"$(inherited)",
				);
				GCC_SYMBOLS_PRIVATE_EXTERN = NO;
				GCC_WARN_64_TO_32_BIT_CONVERSION = YES;
				GCC_WARN_ABOUT_RETURN_TYPE = YES_ERROR;
				GCC_WARN_UNDECLARED_SELECTOR = YES;
				GCC_WARN_UNINITIALIZED_AUTOS = YES_AGGRESSIVE;
				GCC_WARN_UNUSED_FUNCTION = YES;
				GCC_WARN_UNUSED_VARIABLE = YES;
				IPHONEOS_DEPLOYMENT_TARGET = 8.1;
				MTL_ENABLE_DEBUG_INFO = YES;
				ONLY_ACTIVE_ARCH = YES;
				SDKROOT = iphoneos;
				SWIFT_OPTIMIZATION_LEVEL = "-Onone";
			};
			name = Debug;
		};
		EAFE3EA31A6FD10A00651C97 /* Release */ = {
			isa = XCBuildConfiguration;
			buildSettings = {
				ALWAYS_SEARCH_USER_PATHS = NO;
				CLANG_CXX_LANGUAGE_STANDARD = "gnu++0x";
				CLANG_CXX_LIBRARY = "libc++";
				CLANG_ENABLE_MODULES = YES;
				CLANG_ENABLE_OBJC_ARC = YES;
				CLANG_WARN_BOOL_CONVERSION = YES;
				CLANG_WARN_CONSTANT_CONVERSION = YES;
				CLANG_WARN_DIRECT_OBJC_ISA_USAGE = YES_ERROR;
				CLANG_WARN_EMPTY_BODY = YES;
				CLANG_WARN_ENUM_CONVERSION = YES;
				CLANG_WARN_INT_CONVERSION = YES;
				CLANG_WARN_OBJC_ROOT_CLASS = YES_ERROR;
				CLANG_WARN_UNREACHABLE_CODE = YES;
				CLANG_WARN__DUPLICATE_METHOD_MATCH = YES;
				"CODE_SIGN_IDENTITY[sdk=iphoneos*]" = "iPhone Developer";
				COPY_PHASE_STRIP = YES;
				ENABLE_NS_ASSERTIONS = NO;
				ENABLE_STRICT_OBJC_MSGSEND = YES;
				GCC_C_LANGUAGE_STANDARD = gnu99;
				GCC_WARN_64_TO_32_BIT_CONVERSION = YES;
				GCC_WARN_ABOUT_RETURN_TYPE = YES_ERROR;
				GCC_WARN_UNDECLARED_SELECTOR = YES;
				GCC_WARN_UNINITIALIZED_AUTOS = YES_AGGRESSIVE;
				GCC_WARN_UNUSED_FUNCTION = YES;
				GCC_WARN_UNUSED_VARIABLE = YES;
				IPHONEOS_DEPLOYMENT_TARGET = 8.1;
				MTL_ENABLE_DEBUG_INFO = NO;
				SDKROOT = iphoneos;
				VALIDATE_PRODUCT = YES;
			};
			name = Release;
		};
		EAFE3EA51A6FD10A00651C97 /* Debug */ = {
			isa = XCBuildConfiguration;
			buildSettings = {
				ASSETCATALOG_COMPILER_APPICON_NAME = AppIcon;
				INFOPLIST_FILE = 99RedBallons/Info.plist;
				LD_RUNPATH_SEARCH_PATHS = "$(inherited) @executable_path/Frameworks";
				PRODUCT_NAME = "$(TARGET_NAME)";
			};
			name = Debug;
		};
		EAFE3EA61A6FD10A00651C97 /* Release */ = {
			isa = XCBuildConfiguration;
			buildSettings = {
				ASSETCATALOG_COMPILER_APPICON_NAME = AppIcon;
				INFOPLIST_FILE = 99RedBallons/Info.plist;
				LD_RUNPATH_SEARCH_PATHS = "$(inherited) @executable_path/Frameworks";
				PRODUCT_NAME = "$(TARGET_NAME)";
			};
			name = Release;
		};
		EAFE3EA81A6FD10A00651C97 /* Debug */ = {
			isa = XCBuildConfiguration;
			buildSettings = {
				BUNDLE_LOADER = "$(TEST_HOST)";
				FRAMEWORK_SEARCH_PATHS = (
					"$(SDKROOT)/Developer/Library/Frameworks",
					"$(inherited)",
				);
				GCC_PREPROCESSOR_DEFINITIONS = (
					"DEBUG=1",
					"$(inherited)",
				);
				INFOPLIST_FILE = 99RedBallonsTests/Info.plist;
				LD_RUNPATH_SEARCH_PATHS = "$(inherited) @executable_path/Frameworks @loader_path/Frameworks";
				PRODUCT_NAME = "$(TARGET_NAME)";
				TEST_HOST = "$(BUILT_PRODUCTS_DIR)/99RedBallons.app/99RedBallons";
			};
			name = Debug;
		};
		EAFE3EA91A6FD10A00651C97 /* Release */ = {
			isa = XCBuildConfiguration;
			buildSettings = {
				BUNDLE_LOADER = "$(TEST_HOST)";
				FRAMEWORK_SEARCH_PATHS = (
					"$(SDKROOT)/Developer/Library/Frameworks",
					"$(inherited)",
				);
				INFOPLIST_FILE = 99RedBallonsTests/Info.plist;
				LD_RUNPATH_SEARCH_PATHS = "$(inherited) @executable_path/Frameworks @loader_path/Frameworks";
				PRODUCT_NAME = "$(TARGET_NAME)";
				TEST_HOST = "$(BUILT_PRODUCTS_DIR)/99RedBallons.app/99RedBallons";
			};
			name = Release;
		};
/* End XCBuildConfiguration section */

/* Begin XCConfigurationList section */
		EAFE3E801A6FD10A00651C97 /* Build configuration list for PBXProject "99RedBallons" */ = {
			isa = XCConfigurationList;
			buildConfigurations = (
				EAFE3EA21A6FD10A00651C97 /* Debug */,
				EAFE3EA31A6FD10A00651C97 /* Release */,
			);
			defaultConfigurationIsVisible = 0;
			defaultConfigurationName = Release;
		};
		EAFE3EA41A6FD10A00651C97 /* Build configuration list for PBXNativeTarget "99RedBallons" */ = {
			isa = XCConfigurationList;
			buildConfigurations = (
				EAFE3EA51A6FD10A00651C97 /* Debug */,
				EAFE3EA61A6FD10A00651C97 /* Release */,
			);
			defaultConfigurationIsVisible = 0;
		};
		EAFE3EA71A6FD10A00651C97 /* Build configuration list for PBXNativeTarget "99RedBallonsTests" */ = {
			isa = XCConfigurationList;
			buildConfigurations = (
				EAFE3EA81A6FD10A00651C97 /* Debug */,
				EAFE3EA91A6FD10A00651C97 /* Release */,
			);
			defaultConfigurationIsVisible = 0;
		};
/* End XCConfigurationList section */
	};
	rootObject = EAFE3E7D1A6FD10A00651C97 /* Project object */;
}
